
Microsoft Visual Studio Solution File, Format Version 12.00
# Visual Studio 15
VisualStudioVersion = 15.0.28307.168
MinimumVisualStudioVersion = 10.0.40219.1
Project("{9A19103F-16F7-4668-BE54-9A1E7A4F7556}") = "FizzBuzzTree", "FizzBuzzTree\FizzBuzzTree.csproj", "{1D04A5CA-3243-49C9-841C-409A5D8C74B3}"
EndProject
Project("{FAE04EC0-301F-11D3-BF4B-00C04F79EFBC}") = "FizzBuzzTreeTDD", "FizzBuzzTreeTDD\FizzBuzzTreeTDD.csproj", "{887DEDEB-8204-4B52-8DE1-E164FDCC8AAF}"
EndProject
Global
	GlobalSection(SolutionConfigurationPlatforms) = preSolution
		Debug|Any CPU = Debug|Any CPU
		Release|Any CPU = Release|Any CPU
	EndGlobalSection
	GlobalSection(ProjectConfigurationPlatforms) = postSolution
		{1D04A5CA-3243-49C9-841C-409A5D8C74B3}.Debug|Any CPU.ActiveCfg = Debug|Any CPU
		{1D04A5CA-3243-49C9-841C-409A5D8C74B3}.Debug|Any CPU.Build.0 = Debug|Any CPU
		{1D04A5CA-3243-49C9-841C-409A5D8C74B3}.Release|Any CPU.ActiveCfg = Release|Any CPU
		{1D04A5CA-3243-49C9-841C-409A5D8C74B3}.Release|Any CPU.Build.0 = Release|Any CPU
		{887DEDEB-8204-4B52-8DE1-E164FDCC8AAF}.Debug|Any CPU.ActiveCfg = Debug|Any CPU
		{887DEDEB-8204-4B52-8DE1-E164FDCC8AAF}.Debug|Any CPU.Build.0 = Debug|Any CPU
		{887DEDEB-8204-4B52-8DE1-E164FDCC8AAF}.Release|Any CPU.ActiveCfg = Release|Any CPU
		{887DEDEB-8204-4B52-8DE1-E164FDCC8AAF}.Release|Any CPU.Build.0 = Release|Any CPU
	EndGlobalSection
	GlobalSection(SolutionProperties) = preSolution
		HideSolutionNode = FALSE
	EndGlobalSection
	GlobalSection(ExtensibilityGlobals) = postSolution
		SolutionGuid = {82520A2D-8D13-42FA-B42A-6943A1DC4B02}
	EndGlobalSection
EndGlobal
