
Microsoft Visual Studio Solution File, Format Version 12.00
# Visual Studio 15
VisualStudioVersion = 15.0.28307.168
MinimumVisualStudioVersion = 10.0.40219.1
Project("{FAE04EC0-301F-11D3-BF4B-00C04F79EFBC}") = "LinkedList", "LinkedList\LinkedList.csproj", "{F5865F6A-8616-4B55-9F24-F6129CF571E6}"
EndProject
Project("{FAE04EC0-301F-11D3-BF4B-00C04F79EFBC}") = "LinkedListTDD", "LinkedListTDD\LinkedListTDD.csproj", "{A6D3A4BD-69AB-4A55-96D0-4110D6471C95}"
EndProject
Global
	GlobalSection(SolutionConfigurationPlatforms) = preSolution
		Debug|Any CPU = Debug|Any CPU
		Release|Any CPU = Release|Any CPU
	EndGlobalSection
	GlobalSection(ProjectConfigurationPlatforms) = postSolution
		{F5865F6A-8616-4B55-9F24-F6129CF571E6}.Debug|Any CPU.ActiveCfg = Debug|Any CPU
		{F5865F6A-8616-4B55-9F24-F6129CF571E6}.Debug|Any CPU.Build.0 = Debug|Any CPU
		{F5865F6A-8616-4B55-9F24-F6129CF571E6}.Release|Any CPU.ActiveCfg = Release|Any CPU
		{F5865F6A-8616-4B55-9F24-F6129CF571E6}.Release|Any CPU.Build.0 = Release|Any CPU
		{A6D3A4BD-69AB-4A55-96D0-4110D6471C95}.Debug|Any CPU.ActiveCfg = Debug|Any CPU
		{A6D3A4BD-69AB-4A55-96D0-4110D6471C95}.Debug|Any CPU.Build.0 = Debug|Any CPU
		{A6D3A4BD-69AB-4A55-96D0-4110D6471C95}.Release|Any CPU.ActiveCfg = Release|Any CPU
		{A6D3A4BD-69AB-4A55-96D0-4110D6471C95}.Release|Any CPU.Build.0 = Release|Any CPU
	EndGlobalSection
	GlobalSection(SolutionProperties) = preSolution
		HideSolutionNode = FALSE
	EndGlobalSection
	GlobalSection(ExtensibilityGlobals) = postSolution
		SolutionGuid = {2C9928F9-8598-491F-A0E8-10BFDE2FF2F0}
	EndGlobalSection
EndGlobal
