
Microsoft Visual Studio Solution File, Format Version 12.00
# Visual Studio 15
VisualStudioVersion = 15.0.28307.168
MinimumVisualStudioVersion = 10.0.40219.1
Project("{9A19103F-16F7-4668-BE54-9A1E7A4F7556}") = "binarysearch", "binarysearch\binarysearch.csproj", "{9A59EB4E-45CE-4EB8-A74A-9C4F2BD5BC61}"
EndProject
Project("{FAE04EC0-301F-11D3-BF4B-00C04F79EFBC}") = "BinarySearchTDD", "BinarySearchTDD\BinarySearchTDD.csproj", "{D29634FC-A72F-47AB-85A7-216953F4931D}"
EndProject
Global
	GlobalSection(SolutionConfigurationPlatforms) = preSolution
		Debug|Any CPU = Debug|Any CPU
		Release|Any CPU = Release|Any CPU
	EndGlobalSection
	GlobalSection(ProjectConfigurationPlatforms) = postSolution
		{9A59EB4E-45CE-4EB8-A74A-9C4F2BD5BC61}.Debug|Any CPU.ActiveCfg = Debug|Any CPU
		{9A59EB4E-45CE-4EB8-A74A-9C4F2BD5BC61}.Debug|Any CPU.Build.0 = Debug|Any CPU
		{9A59EB4E-45CE-4EB8-A74A-9C4F2BD5BC61}.Release|Any CPU.ActiveCfg = Release|Any CPU
		{9A59EB4E-45CE-4EB8-A74A-9C4F2BD5BC61}.Release|Any CPU.Build.0 = Release|Any CPU
		{D29634FC-A72F-47AB-85A7-216953F4931D}.Debug|Any CPU.ActiveCfg = Debug|Any CPU
		{D29634FC-A72F-47AB-85A7-216953F4931D}.Debug|Any CPU.Build.0 = Debug|Any CPU
		{D29634FC-A72F-47AB-85A7-216953F4931D}.Release|Any CPU.ActiveCfg = Release|Any CPU
		{D29634FC-A72F-47AB-85A7-216953F4931D}.Release|Any CPU.Build.0 = Release|Any CPU
	EndGlobalSection
	GlobalSection(SolutionProperties) = preSolution
		HideSolutionNode = FALSE
	EndGlobalSection
	GlobalSection(ExtensibilityGlobals) = postSolution
		SolutionGuid = {5ED4D9A1-1D42-4F22-9B55-C9A75EF94290}
	EndGlobalSection
EndGlobal
