
Microsoft Visual Studio Solution File, Format Version 12.00
# Visual Studio 15
VisualStudioVersion = 15.0.28307.168
MinimumVisualStudioVersion = 10.0.40219.1
Project("{FAE04EC0-301F-11D3-BF4B-00C04F79EFBC}") = "ShuffleALinkedList", "ShuffleALinkedList\ShuffleALinkedList.csproj", "{DA40D9FF-FDF5-4BA3-B5A4-AE9FB5CE70A6}"
EndProject
Global
	GlobalSection(SolutionConfigurationPlatforms) = preSolution
		Debug|Any CPU = Debug|Any CPU
		Release|Any CPU = Release|Any CPU
	EndGlobalSection
	GlobalSection(ProjectConfigurationPlatforms) = postSolution
		{DA40D9FF-FDF5-4BA3-B5A4-AE9FB5CE70A6}.Debug|Any CPU.ActiveCfg = Debug|Any CPU
		{DA40D9FF-FDF5-4BA3-B5A4-AE9FB5CE70A6}.Debug|Any CPU.Build.0 = Debug|Any CPU
		{DA40D9FF-FDF5-4BA3-B5A4-AE9FB5CE70A6}.Release|Any CPU.ActiveCfg = Release|Any CPU
		{DA40D9FF-FDF5-4BA3-B5A4-AE9FB5CE70A6}.Release|Any CPU.Build.0 = Release|Any CPU
	EndGlobalSection
	GlobalSection(SolutionProperties) = preSolution
		HideSolutionNode = FALSE
	EndGlobalSection
	GlobalSection(ExtensibilityGlobals) = postSolution
		SolutionGuid = {86DCEACF-B45F-4E49-95D3-3795A3113A39}
	EndGlobalSection
EndGlobal
