
Microsoft Visual Studio Solution File, Format Version 12.00
# Visual Studio 15
VisualStudioVersion = 15.0.28307.168
MinimumVisualStudioVersion = 10.0.40219.1
Project("{FAE04EC0-301F-11D3-BF4B-00C04F79EFBC}") = "HashTable", "HashTable\HashTable.csproj", "{C5144EBC-EB02-4D22-81FC-E51AF96749E0}"
EndProject
Global
	GlobalSection(SolutionConfigurationPlatforms) = preSolution
		Debug|Any CPU = Debug|Any CPU
		Release|Any CPU = Release|Any CPU
	EndGlobalSection
	GlobalSection(ProjectConfigurationPlatforms) = postSolution
		{C5144EBC-EB02-4D22-81FC-E51AF96749E0}.Debug|Any CPU.ActiveCfg = Debug|Any CPU
		{C5144EBC-EB02-4D22-81FC-E51AF96749E0}.Debug|Any CPU.Build.0 = Debug|Any CPU
		{C5144EBC-EB02-4D22-81FC-E51AF96749E0}.Release|Any CPU.ActiveCfg = Release|Any CPU
		{C5144EBC-EB02-4D22-81FC-E51AF96749E0}.Release|Any CPU.Build.0 = Release|Any CPU
	EndGlobalSection
	GlobalSection(SolutionProperties) = preSolution
		HideSolutionNode = FALSE
	EndGlobalSection
	GlobalSection(ExtensibilityGlobals) = postSolution
		SolutionGuid = {08EC4612-1CE8-4794-9975-82C1E57B54A0}
	EndGlobalSection
EndGlobal
