
Microsoft Visual Studio Solution File, Format Version 12.00
# Visual Studio 15
VisualStudioVersion = 15.0.28307.168
MinimumVisualStudioVersion = 10.0.40219.1
Project("{FAE04EC0-301F-11D3-BF4B-00C04F79EFBC}") = "CheckifabinarytreeisBalanced", "CheckifabinarytreeisBalanced\CheckifabinarytreeisBalanced.csproj", "{F99223F1-4635-45C9-8FBF-4056E5366ACD}"
EndProject
Global
	GlobalSection(SolutionConfigurationPlatforms) = preSolution
		Debug|Any CPU = Debug|Any CPU
		Release|Any CPU = Release|Any CPU
	EndGlobalSection
	GlobalSection(ProjectConfigurationPlatforms) = postSolution
		{F99223F1-4635-45C9-8FBF-4056E5366ACD}.Debug|Any CPU.ActiveCfg = Debug|Any CPU
		{F99223F1-4635-45C9-8FBF-4056E5366ACD}.Debug|Any CPU.Build.0 = Debug|Any CPU
		{F99223F1-4635-45C9-8FBF-4056E5366ACD}.Release|Any CPU.ActiveCfg = Release|Any CPU
		{F99223F1-4635-45C9-8FBF-4056E5366ACD}.Release|Any CPU.Build.0 = Release|Any CPU
	EndGlobalSection
	GlobalSection(SolutionProperties) = preSolution
		HideSolutionNode = FALSE
	EndGlobalSection
	GlobalSection(ExtensibilityGlobals) = postSolution
		SolutionGuid = {37DD2AD7-6450-404A-8DC1-D10D7A94CEBA}
	EndGlobalSection
EndGlobal
