
Microsoft Visual Studio Solution File, Format Version 12.00
# Visual Studio 15
VisualStudioVersion = 15.0.28307.168
MinimumVisualStudioVersion = 10.0.40219.1
Project("{FAE04EC0-301F-11D3-BF4B-00C04F79EFBC}") = "QueueWithStacks", "QueueWithStacks\QueueWithStacks.csproj", "{0CF01275-3F10-419E-8B57-73DF62475DC2}"
EndProject
Global
	GlobalSection(SolutionConfigurationPlatforms) = preSolution
		Debug|Any CPU = Debug|Any CPU
		Release|Any CPU = Release|Any CPU
	EndGlobalSection
	GlobalSection(ProjectConfigurationPlatforms) = postSolution
		{0CF01275-3F10-419E-8B57-73DF62475DC2}.Debug|Any CPU.ActiveCfg = Debug|Any CPU
		{0CF01275-3F10-419E-8B57-73DF62475DC2}.Debug|Any CPU.Build.0 = Debug|Any CPU
		{0CF01275-3F10-419E-8B57-73DF62475DC2}.Release|Any CPU.ActiveCfg = Release|Any CPU
		{0CF01275-3F10-419E-8B57-73DF62475DC2}.Release|Any CPU.Build.0 = Release|Any CPU
	EndGlobalSection
	GlobalSection(SolutionProperties) = preSolution
		HideSolutionNode = FALSE
	EndGlobalSection
	GlobalSection(ExtensibilityGlobals) = postSolution
		SolutionGuid = {7BC6D87C-15E8-40B6-BA15-33D6C71E2DC0}
	EndGlobalSection
EndGlobal
