
Microsoft Visual Studio Solution File, Format Version 12.00
# Visual Studio 15
VisualStudioVersion = 15.0.28307.168
MinimumVisualStudioVersion = 10.0.40219.1
Project("{FAE04EC0-301F-11D3-BF4B-00C04F79EFBC}") = "Tree", "Tree\Tree.csproj", "{00655480-7358-4714-9CE0-5D46DA04E631}"
EndProject
Project("{FAE04EC0-301F-11D3-BF4B-00C04F79EFBC}") = "TreesTDD", "TreesTDD\TreesTDD.csproj", "{1A5C4E97-0157-441A-8282-E2D802BFD0BF}"
EndProject
Global
	GlobalSection(SolutionConfigurationPlatforms) = preSolution
		Debug|Any CPU = Debug|Any CPU
		Release|Any CPU = Release|Any CPU
	EndGlobalSection
	GlobalSection(ProjectConfigurationPlatforms) = postSolution
		{00655480-7358-4714-9CE0-5D46DA04E631}.Debug|Any CPU.ActiveCfg = Debug|Any CPU
		{00655480-7358-4714-9CE0-5D46DA04E631}.Debug|Any CPU.Build.0 = Debug|Any CPU
		{00655480-7358-4714-9CE0-5D46DA04E631}.Release|Any CPU.ActiveCfg = Release|Any CPU
		{00655480-7358-4714-9CE0-5D46DA04E631}.Release|Any CPU.Build.0 = Release|Any CPU
		{1A5C4E97-0157-441A-8282-E2D802BFD0BF}.Debug|Any CPU.ActiveCfg = Debug|Any CPU
		{1A5C4E97-0157-441A-8282-E2D802BFD0BF}.Debug|Any CPU.Build.0 = Debug|Any CPU
		{1A5C4E97-0157-441A-8282-E2D802BFD0BF}.Release|Any CPU.ActiveCfg = Release|Any CPU
		{1A5C4E97-0157-441A-8282-E2D802BFD0BF}.Release|Any CPU.Build.0 = Release|Any CPU
	EndGlobalSection
	GlobalSection(SolutionProperties) = preSolution
		HideSolutionNode = FALSE
	EndGlobalSection
	GlobalSection(ExtensibilityGlobals) = postSolution
		SolutionGuid = {61290CDA-29B7-479C-9BE7-A2B11BADA3C8}
	EndGlobalSection
EndGlobal
