
Microsoft Visual Studio Solution File, Format Version 12.00
# Visual Studio 15
VisualStudioVersion = 15.0.28307.168
MinimumVisualStudioVersion = 10.0.40219.1
Project("{FAE04EC0-301F-11D3-BF4B-00C04F79EFBC}") = "combinationsbalancedparentheses", "combinationsbalancedparentheses\combinationsbalancedparentheses.csproj", "{24C20B8E-DC81-4EFA-B999-B9160C67A07E}"
EndProject
Global
	GlobalSection(SolutionConfigurationPlatforms) = preSolution
		Debug|Any CPU = Debug|Any CPU
		Release|Any CPU = Release|Any CPU
	EndGlobalSection
	GlobalSection(ProjectConfigurationPlatforms) = postSolution
		{24C20B8E-DC81-4EFA-B999-B9160C67A07E}.Debug|Any CPU.ActiveCfg = Debug|Any CPU
		{24C20B8E-DC81-4EFA-B999-B9160C67A07E}.Debug|Any CPU.Build.0 = Debug|Any CPU
		{24C20B8E-DC81-4EFA-B999-B9160C67A07E}.Release|Any CPU.ActiveCfg = Release|Any CPU
		{24C20B8E-DC81-4EFA-B999-B9160C67A07E}.Release|Any CPU.Build.0 = Release|Any CPU
	EndGlobalSection
	GlobalSection(SolutionProperties) = preSolution
		HideSolutionNode = FALSE
	EndGlobalSection
	GlobalSection(ExtensibilityGlobals) = postSolution
		SolutionGuid = {B43C34B8-8AF6-49C0-BB1C-165727536169}
	EndGlobalSection
EndGlobal
