
Microsoft Visual Studio Solution File, Format Version 12.00
# Visual Studio 15
VisualStudioVersion = 15.0.28307.168
MinimumVisualStudioVersion = 10.0.40219.1
Project("{9A19103F-16F7-4668-BE54-9A1E7A4F7556}") = "find-maximum-value-binary-tree", "find-maximum-value-binary-tree\find-maximum-value-binary-tree.csproj", "{0C2ED10F-FF2D-43E9-A9F2-8F9A05D906C7}"
EndProject
Project("{FAE04EC0-301F-11D3-BF4B-00C04F79EFBC}") = "MaximumTDD", "MaximumTDD\MaximumTDD.csproj", "{C6CA0304-A769-4C96-A5E3-457A1D64512C}"
EndProject
Global
	GlobalSection(SolutionConfigurationPlatforms) = preSolution
		Debug|Any CPU = Debug|Any CPU
		Release|Any CPU = Release|Any CPU
	EndGlobalSection
	GlobalSection(ProjectConfigurationPlatforms) = postSolution
		{0C2ED10F-FF2D-43E9-A9F2-8F9A05D906C7}.Debug|Any CPU.ActiveCfg = Debug|Any CPU
		{0C2ED10F-FF2D-43E9-A9F2-8F9A05D906C7}.Debug|Any CPU.Build.0 = Debug|Any CPU
		{0C2ED10F-FF2D-43E9-A9F2-8F9A05D906C7}.Release|Any CPU.ActiveCfg = Release|Any CPU
		{0C2ED10F-FF2D-43E9-A9F2-8F9A05D906C7}.Release|Any CPU.Build.0 = Release|Any CPU
		{C6CA0304-A769-4C96-A5E3-457A1D64512C}.Debug|Any CPU.ActiveCfg = Debug|Any CPU
		{C6CA0304-A769-4C96-A5E3-457A1D64512C}.Debug|Any CPU.Build.0 = Debug|Any CPU
		{C6CA0304-A769-4C96-A5E3-457A1D64512C}.Release|Any CPU.ActiveCfg = Release|Any CPU
		{C6CA0304-A769-4C96-A5E3-457A1D64512C}.Release|Any CPU.Build.0 = Release|Any CPU
	EndGlobalSection
	GlobalSection(SolutionProperties) = preSolution
		HideSolutionNode = FALSE
	EndGlobalSection
	GlobalSection(ExtensibilityGlobals) = postSolution
		SolutionGuid = {14696194-0D31-4140-BBA3-A72CC2FAB39F}
	EndGlobalSection
EndGlobal
